
Microsoft Visual Studio Solution File, Format Version 12.00
# Visual Studio Version 17
VisualStudioVersion = 17.0.32112.339
MinimumVisualStudioVersion = 10.0.40219.1
Project("{FAE04EC0-301F-11D3-BF4B-00C04F79EFBC}") = "PlatformService", "PlatformService\PlatformService.csproj", "{D0D86621-3C3F-4CCC-B445-5B27F97EF86E}"
EndProject
Global
	GlobalSection(SolutionConfigurationPlatforms) = preSolution
		Debug|Any CPU = Debug|Any CPU
		Release|Any CPU = Release|Any CPU
	EndGlobalSection
	GlobalSection(ProjectConfigurationPlatforms) = postSolution
		{D0D86621-3C3F-4CCC-B445-5B27F97EF86E}.Debug|Any CPU.ActiveCfg = Debug|Any CPU
		{D0D86621-3C3F-4CCC-B445-5B27F97EF86E}.Debug|Any CPU.Build.0 = Debug|Any CPU
		{D0D86621-3C3F-4CCC-B445-5B27F97EF86E}.Release|Any CPU.ActiveCfg = Release|Any CPU
		{D0D86621-3C3F-4CCC-B445-5B27F97EF86E}.Release|Any CPU.Build.0 = Release|Any CPU
	EndGlobalSection
	GlobalSection(SolutionProperties) = preSolution
		HideSolutionNode = FALSE
	EndGlobalSection
	GlobalSection(ExtensibilityGlobals) = postSolution
		SolutionGuid = {EA9AA705-30D8-4996-80D2-9888CD15B664}
	EndGlobalSection
EndGlobal
